
Microsoft Visual Studio Solution File, Format Version 12.00
# Visual Studio Version 17
VisualStudioVersion = 17.5.002.0
MinimumVisualStudioVersion = 10.0.40219.1
Project("{9A19103F-16F7-4668-BE54-9A1E7A4F7556}") = "Calculator", "Calculator.csproj", "{90E1E86D-A088-4491-B000-685652213547}"
EndProject
Global
	GlobalSection(SolutionConfigurationPlatforms) = preSolution
		Debug|Any CPU = Debug|Any CPU
		Release|Any CPU = Release|Any CPU
	EndGlobalSection
	GlobalSection(ProjectConfigurationPlatforms) = postSolution
		{90E1E86D-A088-4491-B000-685652213547}.Debug|Any CPU.ActiveCfg = Debug|Any CPU
		{90E1E86D-A088-4491-B000-685652213547}.Debug|Any CPU.Build.0 = Debug|Any CPU
		{90E1E86D-A088-4491-B000-685652213547}.Release|Any CPU.ActiveCfg = Release|Any CPU
		{90E1E86D-A088-4491-B000-685652213547}.Release|Any CPU.Build.0 = Release|Any CPU
	EndGlobalSection
	GlobalSection(SolutionProperties) = preSolution
		HideSolutionNode = FALSE
	EndGlobalSection
	GlobalSection(ExtensibilityGlobals) = postSolution
		SolutionGuid = {7C049C67-43A1-48D9-A02C-5BE3112F3F77}
	EndGlobalSection
EndGlobal
